
Microsoft Visual Studio Solution File, Format Version 12.00
# Visual Studio Version 16
VisualStudioVersion = 25.0.1705.4
MinimumVisualStudioVersion = 10.0.40219.1
Project("{FAE04EC0-301F-11D3-BF4B-00C04F79EFBC}") = "MusicProjectServer", "MusicProjectServer\MusicProjectServer.csproj", "{4A0BB924-5B31-4990-A2D1-C5B92DF78D08}"
EndProject
Global
	GlobalSection(SolutionConfigurationPlatforms) = preSolution
		Debug|Any CPU = Debug|Any CPU
		Release|Any CPU = Release|Any CPU
	EndGlobalSection
	GlobalSection(ProjectConfigurationPlatforms) = postSolution
		{4A0BB924-5B31-4990-A2D1-C5B92DF78D08}.Debug|Any CPU.ActiveCfg = Debug|Any CPU
		{4A0BB924-5B31-4990-A2D1-C5B92DF78D08}.Debug|Any CPU.Build.0 = Debug|Any CPU
		{4A0BB924-5B31-4990-A2D1-C5B92DF78D08}.Release|Any CPU.ActiveCfg = Release|Any CPU
		{4A0BB924-5B31-4990-A2D1-C5B92DF78D08}.Release|Any CPU.Build.0 = Release|Any CPU
	EndGlobalSection
	GlobalSection(SolutionProperties) = preSolution
		HideSolutionNode = FALSE
	EndGlobalSection
	GlobalSection(ExtensibilityGlobals) = postSolution
		SolutionGuid = {F8E83CC3-FA37-47F0-BAD3-918369FAE3E1}
	EndGlobalSection
EndGlobal
